
Microsoft Visual Studio Solution File, Format Version 12.00
# Visual Studio Version 16
VisualStudioVersion = 16.0.29215.179
MinimumVisualStudioVersion = 10.0.40219.1
Project("{FAE04EC0-301F-11D3-BF4B-00C04F79EFBC}") = "UDPSensorReceiver", "UDPSensorReceiver\UDPSensorReceiver.csproj", "{DEB0840A-BC33-4EBF-BE59-69A70404639C}"
EndProject
Global
	GlobalSection(SolutionConfigurationPlatforms) = preSolution
		Debug|Any CPU = Debug|Any CPU
		Release|Any CPU = Release|Any CPU
	EndGlobalSection
	GlobalSection(ProjectConfigurationPlatforms) = postSolution
		{DEB0840A-BC33-4EBF-BE59-69A70404639C}.Debug|Any CPU.ActiveCfg = Debug|Any CPU
		{DEB0840A-BC33-4EBF-BE59-69A70404639C}.Debug|Any CPU.Build.0 = Debug|Any CPU
		{DEB0840A-BC33-4EBF-BE59-69A70404639C}.Release|Any CPU.ActiveCfg = Release|Any CPU
		{DEB0840A-BC33-4EBF-BE59-69A70404639C}.Release|Any CPU.Build.0 = Release|Any CPU
	EndGlobalSection
	GlobalSection(SolutionProperties) = preSolution
		HideSolutionNode = FALSE
	EndGlobalSection
	GlobalSection(ExtensibilityGlobals) = postSolution
		SolutionGuid = {75DC86B8-936A-40C2-81E3-22BA415C5712}
	EndGlobalSection
EndGlobal
